
Microsoft Visual Studio Solution File, Format Version 12.00
# Visual Studio Version 17
VisualStudioVersion = 17.3.32819.101
MinimumVisualStudioVersion = 10.0.40219.1
Project("{8BC9CEB8-8B4A-11D0-8D11-00A0C91BC942}") = "PushDonwAutomat", "PushDonwAutomat\PushDonwAutomat.vcxproj", "{8ABE47F4-D73B-4E11-9C91-74CF05D143F9}"
EndProject
Global
	GlobalSection(SolutionConfigurationPlatforms) = preSolution
		Debug|x64 = Debug|x64
		Debug|x86 = Debug|x86
		Release|x64 = Release|x64
		Release|x86 = Release|x86
	EndGlobalSection
	GlobalSection(ProjectConfigurationPlatforms) = postSolution
		{8ABE47F4-D73B-4E11-9C91-74CF05D143F9}.Debug|x64.ActiveCfg = Debug|x64
		{8ABE47F4-D73B-4E11-9C91-74CF05D143F9}.Debug|x64.Build.0 = Debug|x64
		{8ABE47F4-D73B-4E11-9C91-74CF05D143F9}.Debug|x86.ActiveCfg = Debug|Win32
		{8ABE47F4-D73B-4E11-9C91-74CF05D143F9}.Debug|x86.Build.0 = Debug|Win32
		{8ABE47F4-D73B-4E11-9C91-74CF05D143F9}.Release|x64.ActiveCfg = Release|x64
		{8ABE47F4-D73B-4E11-9C91-74CF05D143F9}.Release|x64.Build.0 = Release|x64
		{8ABE47F4-D73B-4E11-9C91-74CF05D143F9}.Release|x86.ActiveCfg = Release|Win32
		{8ABE47F4-D73B-4E11-9C91-74CF05D143F9}.Release|x86.Build.0 = Release|Win32
	EndGlobalSection
	GlobalSection(SolutionProperties) = preSolution
		HideSolutionNode = FALSE
	EndGlobalSection
	GlobalSection(ExtensibilityGlobals) = postSolution
		SolutionGuid = {FE242045-A14D-485D-AC64-9371893F3A00}
	EndGlobalSection
EndGlobal
