
Microsoft Visual Studio Solution File, Format Version 12.00
# Visual Studio Version 17
VisualStudioVersion = 17.9.34728.123
MinimumVisualStudioVersion = 10.0.40219.1
Project("{8BC9CEB8-8B4A-11D0-8D11-00A0C91BC942}") = "D&D_Sheet", "D&D_Sheet.vcxproj", "{C16AE9D6-AD90-46E7-9902-36DDB23631BB}"
EndProject
Global
	GlobalSection(SolutionConfigurationPlatforms) = preSolution
		Debug|x64 = Debug|x64
		Debug|x86 = Debug|x86
		Release|x64 = Release|x64
		Release|x86 = Release|x86
	EndGlobalSection
	GlobalSection(ProjectConfigurationPlatforms) = postSolution
		{C16AE9D6-AD90-46E7-9902-36DDB23631BB}.Debug|x64.ActiveCfg = Debug|x64
		{C16AE9D6-AD90-46E7-9902-36DDB23631BB}.Debug|x64.Build.0 = Debug|x64
		{C16AE9D6-AD90-46E7-9902-36DDB23631BB}.Debug|x86.ActiveCfg = Debug|Win32
		{C16AE9D6-AD90-46E7-9902-36DDB23631BB}.Debug|x86.Build.0 = Debug|Win32
		{C16AE9D6-AD90-46E7-9902-36DDB23631BB}.Release|x64.ActiveCfg = Release|x64
		{C16AE9D6-AD90-46E7-9902-36DDB23631BB}.Release|x64.Build.0 = Release|x64
		{C16AE9D6-AD90-46E7-9902-36DDB23631BB}.Release|x86.ActiveCfg = Release|Win32
		{C16AE9D6-AD90-46E7-9902-36DDB23631BB}.Release|x86.Build.0 = Release|Win32
	EndGlobalSection
	GlobalSection(SolutionProperties) = preSolution
		HideSolutionNode = FALSE
	EndGlobalSection
	GlobalSection(ExtensibilityGlobals) = postSolution
		SolutionGuid = {C18D6A1F-F370-46F7-8E93-A173DE2EBD5D}
	EndGlobalSection
EndGlobal
