
Microsoft Visual Studio Solution File, Format Version 12.00
# Visual Studio Version 17
VisualStudioVersion = 17.7.34031.279
MinimumVisualStudioVersion = 10.0.40219.1
Project("{8BC9CEB8-8B4A-11D0-8D11-00A0C91BC942}") = "BullsCows", "BullsCows.vcxproj", "{4D50E88F-ED42-40B6-BE67-9DFBBD370943}"
EndProject
Global
	GlobalSection(SolutionConfigurationPlatforms) = preSolution
		Debug|x64 = Debug|x64
		Debug|x86 = Debug|x86
		Release|x64 = Release|x64
		Release|x86 = Release|x86
	EndGlobalSection
	GlobalSection(ProjectConfigurationPlatforms) = postSolution
		{4D50E88F-ED42-40B6-BE67-9DFBBD370943}.Debug|x64.ActiveCfg = Debug|x64
		{4D50E88F-ED42-40B6-BE67-9DFBBD370943}.Debug|x64.Build.0 = Debug|x64
		{4D50E88F-ED42-40B6-BE67-9DFBBD370943}.Debug|x86.ActiveCfg = Debug|Win32
		{4D50E88F-ED42-40B6-BE67-9DFBBD370943}.Debug|x86.Build.0 = Debug|Win32
		{4D50E88F-ED42-40B6-BE67-9DFBBD370943}.Release|x64.ActiveCfg = Release|x64
		{4D50E88F-ED42-40B6-BE67-9DFBBD370943}.Release|x64.Build.0 = Release|x64
		{4D50E88F-ED42-40B6-BE67-9DFBBD370943}.Release|x86.ActiveCfg = Release|Win32
		{4D50E88F-ED42-40B6-BE67-9DFBBD370943}.Release|x86.Build.0 = Release|Win32
	EndGlobalSection
	GlobalSection(SolutionProperties) = preSolution
		HideSolutionNode = FALSE
	EndGlobalSection
	GlobalSection(ExtensibilityGlobals) = postSolution
		SolutionGuid = {266C322B-2259-4C5A-819B-AB8E1B228DE9}
	EndGlobalSection
EndGlobal
