
Microsoft Visual Studio Solution File, Format Version 12.00
# Visual Studio Version 17
VisualStudioVersion = 17.9.34728.123
MinimumVisualStudioVersion = 10.0.40219.1
Project("{8BC9CEB8-8B4A-11D0-8D11-00A0C91BC942}") = "MINI-BASIC", "MINI-BASIC.vcxproj", "{A9642A2A-3533-4DDB-9481-F1BFF977F652}"
EndProject
Global
	GlobalSection(SolutionConfigurationPlatforms) = preSolution
		Debug|x64 = Debug|x64
		Debug|x86 = Debug|x86
		Release|x64 = Release|x64
		Release|x86 = Release|x86
	EndGlobalSection
	GlobalSection(ProjectConfigurationPlatforms) = postSolution
		{A9642A2A-3533-4DDB-9481-F1BFF977F652}.Debug|x64.ActiveCfg = Debug|x64
		{A9642A2A-3533-4DDB-9481-F1BFF977F652}.Debug|x64.Build.0 = Debug|x64
		{A9642A2A-3533-4DDB-9481-F1BFF977F652}.Debug|x86.ActiveCfg = Debug|Win32
		{A9642A2A-3533-4DDB-9481-F1BFF977F652}.Debug|x86.Build.0 = Debug|Win32
		{A9642A2A-3533-4DDB-9481-F1BFF977F652}.Release|x64.ActiveCfg = Release|x64
		{A9642A2A-3533-4DDB-9481-F1BFF977F652}.Release|x64.Build.0 = Release|x64
		{A9642A2A-3533-4DDB-9481-F1BFF977F652}.Release|x86.ActiveCfg = Release|Win32
		{A9642A2A-3533-4DDB-9481-F1BFF977F652}.Release|x86.Build.0 = Release|Win32
	EndGlobalSection
	GlobalSection(SolutionProperties) = preSolution
		HideSolutionNode = FALSE
	EndGlobalSection
	GlobalSection(ExtensibilityGlobals) = postSolution
		SolutionGuid = {6DA02907-F1DB-4238-8D22-410DB2F97D91}
	EndGlobalSection
EndGlobal
